# This file is automatically @generated by Cargo.
# It is not intended for manual editing.
version = 4

[[package]]
name = "claria-audit"
version = "0.1.0"
dependencies = [
 "claria-core",
]

[[package]]
name = "claria-auth"
version = "0.1.0"
dependencies = [
 "claria-core",
]

[[package]]
name = "claria-bedrock"
version = "0.1.0"
dependencies = [
 "claria-core",
]

[[package]]
name = "claria-core"
version = "0.1.0"

[[package]]
name = "claria-desktop"
version = "0.1.0"
dependencies = [
 "claria-provisioner",
]

[[package]]
name = "claria-export"
version = "0.1.0"
dependencies = [
 "claria-core",
]

[[package]]
name = "claria-instruments"
version = "0.1.0"
dependencies = [
 "claria-core",
]

[[package]]
name = "claria-lambda"
version = "0.1.0"
dependencies = [
 "claria-audit",
 "claria-auth",
 "claria-bedrock",
 "claria-core",
 "claria-export",
 "claria-instruments",
 "claria-search",
 "claria-storage",
]

[[package]]
name = "claria-provisioner"
version = "0.1.0"
dependencies = [
 "claria-audit",
 "claria-auth",
 "claria-bedrock",
 "claria-core",
 "claria-storage",
]

[[package]]
name = "claria-search"
version = "0.1.0"
dependencies = [
 "claria-core",
 "claria-storage",
]

[[package]]
name = "claria-storage"
version = "0.1.0"
dependencies = [
 "claria-core",
]
